// !$*UTF8*$!
{
	archiveVersion = 1;
	classes = {
	};
	objectVersion = 46;
	objects = {

/* Begin PBXBuildFile section */
		EA4F53F51C7B652D0015B8F9 /* Level2Scene.swift in Sources */ = {isa = PBXBuildFile; fileRef = EA4F53F41C7B652D0015B8F9 /* Level2Scene.swift */; };
		EA8E1A601C79321800E67658 /* BackgroundMusic.swift in Sources */ = {isa = PBXBuildFile; fileRef = EA8E1A5F1C79321800E67658 /* BackgroundMusic.swift */; };
		EA8E1A621C793A2500E67658 /* Level1Scene.swift in Sources */ = {isa = PBXBuildFile; fileRef = EA8E1A611C793A2500E67658 /* Level1Scene.swift */; };
		EA8FA1C51C7A88EA00A533AB /* PhysicsCategory.swift in Sources */ = {isa = PBXBuildFile; fileRef = EA8FA1C41C7A88EA00A533AB /* PhysicsCategory.swift */; };
		EA8FA1C71C7A962800A533AB /* EndScene.swift in Sources */ = {isa = PBXBuildFile; fileRef = EA8FA1C61C7A962800A533AB /* EndScene.swift */; };
		EAB569C41C6929E200221B06 /* AppDelegate.swift in Sources */ = {isa = PBXBuildFile; fileRef = EAB569C31C6929E200221B06 /* AppDelegate.swift */; };
		EAB569CA1C6929E200221B06 /* GameViewController.swift in Sources */ = {isa = PBXBuildFile; fileRef = EAB569C91C6929E200221B06 /* GameViewController.swift */; };
		EAB569CD1C6929E200221B06 /* Main.storyboard in Resources */ = {isa = PBXBuildFile; fileRef = EAB569CB1C6929E200221B06 /* Main.storyboard */; };
		EAB569CF1C6929E200221B06 /* Assets.xcassets in Resources */ = {isa = PBXBuildFile; fileRef = EAB569CE1C6929E200221B06 /* Assets.xcassets */; };
		EAB569D21C6929E200221B06 /* LaunchScreen.storyboard in Resources */ = {isa = PBXBuildFile; fileRef = EAB569D01C6929E200221B06 /* LaunchScreen.storyboard */; };
		EAB569DD1C6929E200221B06 /* daix_a5Tests.swift in Sources */ = {isa = PBXBuildFile; fileRef = EAB569DC1C6929E200221B06 /* daix_a5Tests.swift */; };
		EAB569E81C6929E200221B06 /* daix_a5UITests.swift in Sources */ = {isa = PBXBuildFile; fileRef = EAB569E71C6929E200221B06 /* daix_a5UITests.swift */; };
		EAB95C8B1C77B3FE00324C1E /* MenuSecne.swift in Sources */ = {isa = PBXBuildFile; fileRef = EAB95C8A1C77B3FE00324C1E /* MenuSecne.swift */; };
		EAB95C8D1C77B60A00324C1E /* GuideScene.swift in Sources */ = {isa = PBXBuildFile; fileRef = EAB95C8C1C77B60A00324C1E /* GuideScene.swift */; };
		EAB95C9C1C792A1D00324C1E /* backgroundMusic.mpeg in Resources */ = {isa = PBXBuildFile; fileRef = EAB95C981C792A1D00324C1E /* backgroundMusic.mpeg */; };
		EAB95C9D1C792A1D00324C1E /* explosion.wav in Resources */ = {isa = PBXBuildFile; fileRef = EAB95C991C792A1D00324C1E /* explosion.wav */; };
		EAB95C9E1C792A1D00324C1E /* rock.wav in Resources */ = {isa = PBXBuildFile; fileRef = EAB95C9A1C792A1D00324C1E /* rock.wav */; };
		EAB95C9F1C792A1D00324C1E /* shoot.wav in Resources */ = {isa = PBXBuildFile; fileRef = EAB95C9B1C792A1D00324C1E /* shoot.wav */; };
/* End PBXBuildFile section */

/* Begin PBXContainerItemProxy section */
		EAB569D91C6929E200221B06 /* PBXContainerItemProxy */ = {
			isa = PBXContainerItemProxy;
			containerPortal = EAB569B81C6929E200221B06 /* Project object */;
			proxyType = 1;
			remoteGlobalIDString = EAB569BF1C6929E200221B06;
			remoteInfo = daix_a5;
		};
		EAB569E41C6929E200221B06 /* PBXContainerItemProxy */ = {
			isa = PBXContainerItemProxy;
			containerPortal = EAB569B81C6929E200221B06 /* Project object */;
			proxyType = 1;
			remoteGlobalIDString = EAB569BF1C6929E200221B06;
			remoteInfo = daix_a5;
		};
/* End PBXContainerItemProxy section */

/* Begin PBXFileReference section */
		EA4F53F41C7B652D0015B8F9 /* Level2Scene.swift */ = {isa = PBXFileReference; fileEncoding = 4; lastKnownFileType = sourcecode.swift; path = Level2Scene.swift; sourceTree = "<group>"; };
		EA8E1A5F1C79321800E67658 /* BackgroundMusic.swift */ = {isa = PBXFileReference; fileEncoding = 4; lastKnownFileType = sourcecode.swift; path = BackgroundMusic.swift; sourceTree = "<group>"; };
		EA8E1A611C793A2500E67658 /* Level1Scene.swift */ = {isa = PBXFileReference; fileEncoding = 4; lastKnownFileType = sourcecode.swift; path = Level1Scene.swift; sourceTree = "<group>"; };
		EA8FA1C41C7A88EA00A533AB /* PhysicsCategory.swift */ = {isa = PBXFileReference; fileEncoding = 4; lastKnownFileType = sourcecode.swift; path = PhysicsCategory.swift; sourceTree = "<group>"; };
		EA8FA1C61C7A962800A533AB /* EndScene.swift */ = {isa = PBXFileReference; fileEncoding = 4; lastKnownFileType = sourcecode.swift; path = EndScene.swift; sourceTree = "<group>"; };
		EAB569C01C6929E200221B06 /* Space Invaders.app */ = {isa = PBXFileReference; explicitFileType = wrapper.application; includeInIndex = 0; path = "Space Invaders.app"; sourceTree = BUILT_PRODUCTS_DIR; };
		EAB569C31C6929E200221B06 /* AppDelegate.swift */ = {isa = PBXFileReference; lastKnownFileType = sourcecode.swift; path = AppDelegate.swift; sourceTree = "<group>"; };
		EAB569C91C6929E200221B06 /* GameViewController.swift */ = {isa = PBXFileReference; lastKnownFileType = sourcecode.swift; path = GameViewController.swift; sourceTree = "<group>"; };
		EAB569CC1C6929E200221B06 /* Base */ = {isa = PBXFileReference; lastKnownFileType = file.storyboard; name = Base; path = Base.lproj/Main.storyboard; sourceTree = "<group>"; };
		EAB569CE1C6929E200221B06 /* Assets.xcassets */ = {isa = PBXFileReference; lastKnownFileType = folder.assetcatalog; path = Assets.xcassets; sourceTree = "<group>"; };
		EAB569D11C6929E200221B06 /* Base */ = {isa = PBXFileReference; lastKnownFileType = file.storyboard; name = Base; path = Base.lproj/LaunchScreen.storyboard; sourceTree = "<group>"; };
		EAB569D31C6929E200221B06 /* Info.plist */ = {isa = PBXFileReference; lastKnownFileType = text.plist.xml; path = Info.plist; sourceTree = "<group>"; };
		EAB569D81C6929E200221B06 /* Space Invaders.xctest */ = {isa = PBXFileReference; explicitFileType = wrapper.cfbundle; includeInIndex = 0; path = "Space Invaders.xctest"; sourceTree = BUILT_PRODUCTS_DIR; };
		EAB569DC1C6929E200221B06 /* daix_a5Tests.swift */ = {isa = PBXFileReference; lastKnownFileType = sourcecode.swift; path = daix_a5Tests.swift; sourceTree = "<group>"; };
		EAB569DE1C6929E200221B06 /* Info.plist */ = {isa = PBXFileReference; lastKnownFileType = text.plist.xml; path = Info.plist; sourceTree = "<group>"; };
		EAB569E31C6929E200221B06 /* Space Invaders.xctest */ = {isa = PBXFileReference; explicitFileType = wrapper.cfbundle; includeInIndex = 0; path = "Space Invaders.xctest"; sourceTree = BUILT_PRODUCTS_DIR; };
		EAB569E71C6929E200221B06 /* daix_a5UITests.swift */ = {isa = PBXFileReference; lastKnownFileType = sourcecode.swift; path = daix_a5UITests.swift; sourceTree = "<group>"; };
		EAB569E91C6929E200221B06 /* Info.plist */ = {isa = PBXFileReference; lastKnownFileType = text.plist.xml; path = Info.plist; sourceTree = "<group>"; };
		EAB95C8A1C77B3FE00324C1E /* MenuSecne.swift */ = {isa = PBXFileReference; fileEncoding = 4; lastKnownFileType = sourcecode.swift; path = MenuSecne.swift; sourceTree = "<group>"; };
		EAB95C8C1C77B60A00324C1E /* GuideScene.swift */ = {isa = PBXFileReference; fileEncoding = 4; lastKnownFileType = sourcecode.swift; path = GuideScene.swift; sourceTree = "<group>"; };
		EAB95C981C792A1D00324C1E /* backgroundMusic.mpeg */ = {isa = PBXFileReference; lastKnownFileType = video.mpeg; path = backgroundMusic.mpeg; sourceTree = "<group>"; };
		EAB95C991C792A1D00324C1E /* explosion.wav */ = {isa = PBXFileReference; lastKnownFileType = audio.wav; path = explosion.wav; sourceTree = "<group>"; };
		EAB95C9A1C792A1D00324C1E /* rock.wav */ = {isa = PBXFileReference; lastKnownFileType = audio.wav; path = rock.wav; sourceTree = "<group>"; };
		EAB95C9B1C792A1D00324C1E /* shoot.wav */ = {isa = PBXFileReference; lastKnownFileType = audio.wav; path = shoot.wav; sourceTree = "<group>"; };
/* End PBXFileReference section */

/* Begin PBXFrameworksBuildPhase section */
		EAB569BD1C6929E200221B06 /* Frameworks */ = {
			isa = PBXFrameworksBuildPhase;
			buildActionMask = 2147483647;
			files = (
			);
			runOnlyForDeploymentPostprocessing = 0;
		};
		EAB569D51C6929E200221B06 /* Frameworks */ = {
			isa = PBXFrameworksBuildPhase;
			buildActionMask = 2147483647;
			files = (
			);
			runOnlyForDeploymentPostprocessing = 0;
		};
		EAB569E01C6929E200221B06 /* Frameworks */ = {
			isa = PBXFrameworksBuildPhase;
			buildActionMask = 2147483647;
			files = (
			);
			runOnlyForDeploymentPostprocessing = 0;
		};
/* End PBXFrameworksBuildPhase section */

/* Begin PBXGroup section */
		EAB569B71C6929E200221B06 = {
			isa = PBXGroup;
			children = (
				EAB569C21C6929E200221B06 /* daix_a5 */,
				EAB569DB1C6929E200221B06 /* daix_a5Tests */,
				EAB569E61C6929E200221B06 /* daix_a5UITests */,
				EAB569C11C6929E200221B06 /* Products */,
			);
			sourceTree = "<group>";
		};
		EAB569C11C6929E200221B06 /* Products */ = {
			isa = PBXGroup;
			children = (
				EAB569C01C6929E200221B06 /* Space Invaders.app */,
				EAB569D81C6929E200221B06 /* Space Invaders.xctest */,
				EAB569E31C6929E200221B06 /* Space Invaders.xctest */,
			);
			name = Products;
			sourceTree = "<group>";
		};
		EAB569C21C6929E200221B06 /* daix_a5 */ = {
			isa = PBXGroup;
			children = (
				EAB569C31C6929E200221B06 /* AppDelegate.swift */,
				EAB569C91C6929E200221B06 /* GameViewController.swift */,
				EAB95C8A1C77B3FE00324C1E /* MenuSecne.swift */,
				EAB95C8C1C77B60A00324C1E /* GuideScene.swift */,
				EA8E1A611C793A2500E67658 /* Level1Scene.swift */,
				EA4F53F41C7B652D0015B8F9 /* Level2Scene.swift */,
				EA8FA1C61C7A962800A533AB /* EndScene.swift */,
				EA8E1A5F1C79321800E67658 /* BackgroundMusic.swift */,
				EA8FA1C41C7A88EA00A533AB /* PhysicsCategory.swift */,
				EAB569CB1C6929E200221B06 /* Main.storyboard */,
				EAB569CE1C6929E200221B06 /* Assets.xcassets */,
				EAB95C971C792A1D00324C1E /* Sound */,
				EAB569D01C6929E200221B06 /* LaunchScreen.storyboard */,
				EAB569D31C6929E200221B06 /* Info.plist */,
			);
			path = daix_a5;
			sourceTree = "<group>";
		};
		EAB569DB1C6929E200221B06 /* daix_a5Tests */ = {
			isa = PBXGroup;
			children = (
				EAB569DC1C6929E200221B06 /* daix_a5Tests.swift */,
				EAB569DE1C6929E200221B06 /* Info.plist */,
			);
			path = daix_a5Tests;
			sourceTree = "<group>";
		};
		EAB569E61C6929E200221B06 /* daix_a5UITests */ = {
			isa = PBXGroup;
			children = (
				EAB569E71C6929E200221B06 /* daix_a5UITests.swift */,
				EAB569E91C6929E200221B06 /* Info.plist */,
			);
			path = daix_a5UITests;
			sourceTree = "<group>";
		};
		EAB95C971C792A1D00324C1E /* Sound */ = {
			isa = PBXGroup;
			children = (
				EAB95C981C792A1D00324C1E /* backgroundMusic.mpeg */,
				EAB95C991C792A1D00324C1E /* explosion.wav */,
				EAB95C9A1C792A1D00324C1E /* rock.wav */,
				EAB95C9B1C792A1D00324C1E /* shoot.wav */,
			);
			path = Sound;
			sourceTree = "<group>";
		};
/* End PBXGroup section */

/* Begin PBXNativeTarget section */
		EAB569BF1C6929E200221B06 /* Space Invaders */ = {
			isa = PBXNativeTarget;
			buildConfigurationList = EAB569EC1C6929E200221B06 /* Build configuration list for PBXNativeTarget "Space Invaders" */;
			buildPhases = (
				EAB569BC1C6929E200221B06 /* Sources */,
				EAB569BD1C6929E200221B06 /* Frameworks */,
				EAB569BE1C6929E200221B06 /* Resources */,
			);
			buildRules = (
			);
			dependencies = (
			);
			name = "Space Invaders";
			productName = daix_a5;
			productReference = EAB569C01C6929E200221B06 /* Space Invaders.app */;
			productType = "com.apple.product-type.application";
		};
		EAB569D71C6929E200221B06 /* Space InvadersTests */ = {
			isa = PBXNativeTarget;
			buildConfigurationList = EAB569EF1C6929E200221B06 /* Build configuration list for PBXNativeTarget "Space InvadersTests" */;
			buildPhases = (
				EAB569D41C6929E200221B06 /* Sources */,
				EAB569D51C6929E200221B06 /* Frameworks */,
				EAB569D61C6929E200221B06 /* Resources */,
			);
			buildRules = (
			);
			dependencies = (
				EAB569DA1C6929E200221B06 /* PBXTargetDependency */,
			);
			name = "Space InvadersTests";
			productName = daix_a5Tests;
			productReference = EAB569D81C6929E200221B06 /* Space Invaders.xctest */;
			productType = "com.apple.product-type.bundle.unit-test";
		};
		EAB569E21C6929E200221B06 /* Space InvadersUITests */ = {
			isa = PBXNativeTarget;
			buildConfigurationList = EAB569F21C6929E200221B06 /* Build configuration list for PBXNativeTarget "Space InvadersUITests" */;
			buildPhases = (
				EAB569DF1C6929E200221B06 /* Sources */,
				EAB569E01C6929E200221B06 /* Frameworks */,
				EAB569E11C6929E200221B06 /* Resources */,
			);
			buildRules = (
			);
			dependencies = (
				EAB569E51C6929E200221B06 /* PBXTargetDependency */,
			);
			name = "Space InvadersUITests";
			productName = daix_a5UITests;
			productReference = EAB569E31C6929E200221B06 /* Space Invaders.xctest */;
			productType = "com.apple.product-type.bundle.ui-testing";
		};
/* End PBXNativeTarget section */

/* Begin PBXProject section */
		EAB569B81C6929E200221B06 /* Project object */ = {
			isa = PBXProject;
			attributes = {
				LastSwiftUpdateCheck = 0720;
				LastUpgradeCheck = 0720;
				ORGANIZATIONNAME = DPC;
				TargetAttributes = {
					EAB569BF1C6929E200221B06 = {
						CreatedOnToolsVersion = 7.2.1;
						DevelopmentTeam = TU86998N4Q;
					};
					EAB569D71C6929E200221B06 = {
						CreatedOnToolsVersion = 7.2.1;
						DevelopmentTeam = TU86998N4Q;
						TestTargetID = EAB569BF1C6929E200221B06;
					};
					EAB569E21C6929E200221B06 = {
						CreatedOnToolsVersion = 7.2.1;
						DevelopmentTeam = TU86998N4Q;
						TestTargetID = EAB569BF1C6929E200221B06;
					};
				};
			};
			buildConfigurationList = EAB569BB1C6929E200221B06 /* Build configuration list for PBXProject "Space Invaders" */;
			compatibilityVersion = "Xcode 3.2";
			developmentRegion = English;
			hasScannedForEncodings = 0;
			knownRegions = (
				en,
				Base,
			);
			mainGroup = EAB569B71C6929E200221B06;
			productRefGroup = EAB569C11C6929E200221B06 /* Products */;
			projectDirPath = "";
			projectRoot = "";
			targets = (
				EAB569BF1C6929E200221B06 /* Space Invaders */,
				EAB569D71C6929E200221B06 /* Space InvadersTests */,
				EAB569E21C6929E200221B06 /* Space InvadersUITests */,
			);
		};
/* End PBXProject section */

/* Begin PBXResourcesBuildPhase section */
		EAB569BE1C6929E200221B06 /* Resources */ = {
			isa = PBXResourcesBuildPhase;
			buildActionMask = 2147483647;
			files = (
				EAB95C9D1C792A1D00324C1E /* explosion.wav in Resources */,
				EAB95C9E1C792A1D00324C1E /* rock.wav in Resources */,
				EAB95C9F1C792A1D00324C1E /* shoot.wav in Resources */,
				EAB95C9C1C792A1D00324C1E /* backgroundMusic.mpeg in Resources */,
				EAB569D21C6929E200221B06 /* LaunchScreen.storyboard in Resources */,
				EAB569CF1C6929E200221B06 /* Assets.xcassets in Resources */,
				EAB569CD1C6929E200221B06 /* Main.storyboard in Resources */,
			);
			runOnlyForDeploymentPostprocessing = 0;
		};
		EAB569D61C6929E200221B06 /* Resources */ = {
			isa = PBXResourcesBuildPhase;
			buildActionMask = 2147483647;
			files = (
			);
			runOnlyForDeploymentPostprocessing = 0;
		};
		EAB569E11C6929E200221B06 /* Resources */ = {
			isa = PBXResourcesBuildPhase;
			buildActionMask = 2147483647;
			files = (
			);
			runOnlyForDeploymentPostprocessing = 0;
		};
/* End PBXResourcesBuildPhase section */

/* Begin PBXSourcesBuildPhase section */
		EAB569BC1C6929E200221B06 /* Sources */ = {
			isa = PBXSourcesBuildPhase;
			buildActionMask = 2147483647;
			files = (
				EAB95C8D1C77B60A00324C1E /* GuideScene.swift in Sources */,
				EAB95C8B1C77B3FE00324C1E /* MenuSecne.swift in Sources */,
				EAB569CA1C6929E200221B06 /* GameViewController.swift in Sources */,
				EA4F53F51C7B652D0015B8F9 /* Level2Scene.swift in Sources */,
				EA8E1A621C793A2500E67658 /* Level1Scene.swift in Sources */,
				EAB569C41C6929E200221B06 /* AppDelegate.swift in Sources */,
				EA8E1A601C79321800E67658 /* BackgroundMusic.swift in Sources */,
				EA8FA1C71C7A962800A533AB /* EndScene.swift in Sources */,
				EA8FA1C51C7A88EA00A533AB /* PhysicsCategory.swift in Sources */,
			);
			runOnlyForDeploymentPostprocessing = 0;
		};
		EAB569D41C6929E200221B06 /* Sources */ = {
			isa = PBXSourcesBuildPhase;
			buildActionMask = 2147483647;
			files = (
				EAB569DD1C6929E200221B06 /* daix_a5Tests.swift in Sources */,
			);
			runOnlyForDeploymentPostprocessing = 0;
		};
		EAB569DF1C6929E200221B06 /* Sources */ = {
			isa = PBXSourcesBuildPhase;
			buildActionMask = 2147483647;
			files = (
				EAB569E81C6929E200221B06 /* daix_a5UITests.swift in Sources */,
			);
			runOnlyForDeploymentPostprocessing = 0;
		};
/* End PBXSourcesBuildPhase section */

/* Begin PBXTargetDependency section */
		EAB569DA1C6929E200221B06 /* PBXTargetDependency */ = {
			isa = PBXTargetDependency;
			target = EAB569BF1C6929E200221B06 /* Space Invaders */;
			targetProxy = EAB569D91C6929E200221B06 /* PBXContainerItemProxy */;
		};
		EAB569E51C6929E200221B06 /* PBXTargetDependency */ = {
			isa = PBXTargetDependency;
			target = EAB569BF1C6929E200221B06 /* Space Invaders */;
			targetProxy = EAB569E41C6929E200221B06 /* PBXContainerItemProxy */;
		};
/* End PBXTargetDependency section */

/* Begin PBXVariantGroup section */
		EAB569CB1C6929E200221B06 /* Main.storyboard */ = {
			isa = PBXVariantGroup;
			children = (
				EAB569CC1C6929E200221B06 /* Base */,
			);
			name = Main.storyboard;
			sourceTree = "<group>";
		};
		EAB569D01C6929E200221B06 /* LaunchScreen.storyboard */ = {
			isa = PBXVariantGroup;
			children = (
				EAB569D11C6929E200221B06 /* Base */,
			);
			name = LaunchScreen.storyboard;
			sourceTree = "<group>";
		};
/* End PBXVariantGroup section */

/* Begin XCBuildConfiguration section */
		EAB569EA1C6929E200221B06 /* Debug */ = {
			isa = XCBuildConfiguration;
			buildSettings = {
				ALWAYS_SEARCH_USER_PATHS = NO;
				CLANG_CXX_LANGUAGE_STANDARD = "gnu++0x";
				CLANG_CXX_LIBRARY = "libc++";
				CLANG_ENABLE_MODULES = YES;
				CLANG_ENABLE_OBJC_ARC = YES;
				CLANG_WARN_BOOL_CONVERSION = YES;
				CLANG_WARN_CONSTANT_CONVERSION = YES;
				CLANG_WARN_DIRECT_OBJC_ISA_USAGE = YES_ERROR;
				CLANG_WARN_EMPTY_BODY = YES;
				CLANG_WARN_ENUM_CONVERSION = YES;
				CLANG_WARN_INT_CONVERSION = YES;
				CLANG_WARN_OBJC_ROOT_CLASS = YES_ERROR;
				CLANG_WARN_UNREACHABLE_CODE = YES;
				CLANG_WARN__DUPLICATE_METHOD_MATCH = YES;
				"CODE_SIGN_IDENTITY[sdk=iphoneos*]" = "iPhone Developer";
				COPY_PHASE_STRIP = NO;
				DEBUG_INFORMATION_FORMAT = "dwarf-with-dsym";
				ENABLE_STRICT_OBJC_MSGSEND = YES;
				ENABLE_TESTABILITY = YES;
				GCC_C_LANGUAGE_STANDARD = gnu99;
				GCC_DYNAMIC_NO_PIC = NO;
				GCC_NO_COMMON_BLOCKS = YES;
				GCC_OPTIMIZATION_LEVEL = 0;
				GCC_PREPROCESSOR_DEFINITIONS = (
					"DEBUG=1",
					"$(inherited)",
				);
				GCC_WARN_64_TO_32_BIT_CONVERSION = YES;
				GCC_WARN_ABOUT_RETURN_TYPE = YES_ERROR;
				GCC_WARN_UNDECLARED_SELECTOR = YES;
				GCC_WARN_UNINITIALIZED_AUTOS = YES_AGGRESSIVE;
				GCC_WARN_UNUSED_FUNCTION = YES;
				GCC_WARN_UNUSED_VARIABLE = YES;
				IPHONEOS_DEPLOYMENT_TARGET = 9.2;
				MTL_ENABLE_DEBUG_INFO = YES;
				ONLY_ACTIVE_ARCH = YES;
				SDKROOT = iphoneos;
				SWIFT_OPTIMIZATION_LEVEL = "-Onone";
				TARGETED_DEVICE_FAMILY = "1,2";
			};
			name = Debug;
		};
		EAB569EB1C6929E200221B06 /* Release */ = {
			isa = XCBuildConfiguration;
			buildSettings = {
				ALWAYS_SEARCH_USER_PATHS = NO;
				CLANG_CXX_LANGUAGE_STANDARD = "gnu++0x";
				CLANG_CXX_LIBRARY = "libc++";
				CLANG_ENABLE_MODULES = YES;
				CLANG_ENABLE_OBJC_ARC = YES;
				CLANG_WARN_BOOL_CONVERSION = YES;
				CLANG_WARN_CONSTANT_CONVERSION = YES;
				CLANG_WARN_DIRECT_OBJC_ISA_USAGE = YES_ERROR;
				CLANG_WARN_EMPTY_BODY = YES;
				CLANG_WARN_ENUM_CONVERSION = YES;
				CLANG_WARN_INT_CONVERSION = YES;
				CLANG_WARN_OBJC_ROOT_CLASS = YES_ERROR;
				CLANG_WARN_UNREACHABLE_CODE = YES;
				CLANG_WARN__DUPLICATE_METHOD_MATCH = YES;
				"CODE_SIGN_IDENTITY[sdk=iphoneos*]" = "iPhone Developer";
				COPY_PHASE_STRIP = NO;
				DEBUG_INFORMATION_FORMAT = "dwarf-with-dsym";
				ENABLE_NS_ASSERTIONS = NO;
				ENABLE_STRICT_OBJC_MSGSEND = YES;
				GCC_C_LANGUAGE_STANDARD = gnu99;
				GCC_NO_COMMON_BLOCKS = YES;
				GCC_WARN_64_TO_32_BIT_CONVERSION = YES;
				GCC_WARN_ABOUT_RETURN_TYPE = YES_ERROR;
				GCC_WARN_UNDECLARED_SELECTOR = YES;
				GCC_WARN_UNINITIALIZED_AUTOS = YES_AGGRESSIVE;
				GCC_WARN_UNUSED_FUNCTION = YES;
				GCC_WARN_UNUSED_VARIABLE = YES;
				IPHONEOS_DEPLOYMENT_TARGET = 9.2;
				MTL_ENABLE_DEBUG_INFO = NO;
				SDKROOT = iphoneos;
				TARGETED_DEVICE_FAMILY = "1,2";
				VALIDATE_PRODUCT = YES;
			};
			name = Release;
		};
		EAB569ED1C6929E200221B06 /* Debug */ = {
			isa = XCBuildConfiguration;
			buildSettings = {
				ASSETCATALOG_COMPILER_APPICON_NAME = AppIcon;
				INFOPLIST_FILE = daix_a5/Info.plist;
				LD_RUNPATH_SEARCH_PATHS = "$(inherited) @executable_path/Frameworks";
				PRODUCT_BUNDLE_IDENTIFIER = cn.dpc11.spaceinvaders;
				PRODUCT_NAME = "Space Invaders";
			};
			name = Debug;
		};
		EAB569EE1C6929E200221B06 /* Release */ = {
			isa = XCBuildConfiguration;
			buildSettings = {
				ASSETCATALOG_COMPILER_APPICON_NAME = AppIcon;
				INFOPLIST_FILE = daix_a5/Info.plist;
				LD_RUNPATH_SEARCH_PATHS = "$(inherited) @executable_path/Frameworks";
				PRODUCT_BUNDLE_IDENTIFIER = cn.dpc11.spaceinvaders;
				PRODUCT_NAME = "Space Invaders";
			};
			name = Release;
		};
		EAB569F01C6929E200221B06 /* Debug */ = {
			isa = XCBuildConfiguration;
			buildSettings = {
				BUNDLE_LOADER = "$(TEST_HOST)";
				DEBUG_INFORMATION_FORMAT = dwarf;
				INFOPLIST_FILE = daix_a5Tests/Info.plist;
				LD_RUNPATH_SEARCH_PATHS = "$(inherited) @executable_path/Frameworks @loader_path/Frameworks";
				PRODUCT_BUNDLE_IDENTIFIER = "cn.dpc11.daix-a5Tests";
				PRODUCT_NAME = "Space Invaders";
				TEST_HOST = "$(BUILT_PRODUCTS_DIR)/Space Invaders.app/Space Invaders";
			};
			name = Debug;
		};
		EAB569F11C6929E200221B06 /* Release */ = {
			isa = XCBuildConfiguration;
			buildSettings = {
				BUNDLE_LOADER = "$(TEST_HOST)";
				INFOPLIST_FILE = daix_a5Tests/Info.plist;
				LD_RUNPATH_SEARCH_PATHS = "$(inherited) @executable_path/Frameworks @loader_path/Frameworks";
				PRODUCT_BUNDLE_IDENTIFIER = "cn.dpc11.daix-a5Tests";
				PRODUCT_NAME = "Space Invaders";
				TEST_HOST = "$(BUILT_PRODUCTS_DIR)/Space Invaders.app/Space Invaders";
			};
			name = Release;
		};
		EAB569F31C6929E200221B06 /* Debug */ = {
			isa = XCBuildConfiguration;
			buildSettings = {
				DEBUG_INFORMATION_FORMAT = dwarf;
				INFOPLIST_FILE = daix_a5UITests/Info.plist;
				LD_RUNPATH_SEARCH_PATHS = "$(inherited) @executable_path/Frameworks @loader_path/Frameworks";
				PRODUCT_BUNDLE_IDENTIFIER = "cn.dpc11.daix-a5UITests";
				PRODUCT_NAME = "Space Invaders";
				TEST_TARGET_NAME = daix_a5;
				USES_XCTRUNNER = YES;
			};
			name = Debug;
		};
		EAB569F41C6929E200221B06 /* Release */ = {
			isa = XCBuildConfiguration;
			buildSettings = {
				INFOPLIST_FILE = daix_a5UITests/Info.plist;
				LD_RUNPATH_SEARCH_PATHS = "$(inherited) @executable_path/Frameworks @loader_path/Frameworks";
				PRODUCT_BUNDLE_IDENTIFIER = "cn.dpc11.daix-a5UITests";
				PRODUCT_NAME = "Space Invaders";
				TEST_TARGET_NAME = daix_a5;
				USES_XCTRUNNER = YES;
			};
			name = Release;
		};
/* End XCBuildConfiguration section */

/* Begin XCConfigurationList section */
		EAB569BB1C6929E200221B06 /* Build configuration list for PBXProject "Space Invaders" */ = {
			isa = XCConfigurationList;
			buildConfigurations = (
				EAB569EA1C6929E200221B06 /* Debug */,
				EAB569EB1C6929E200221B06 /* Release */,
			);
			defaultConfigurationIsVisible = 0;
			defaultConfigurationName = Release;
		};
		EAB569EC1C6929E200221B06 /* Build configuration list for PBXNativeTarget "Space Invaders" */ = {
			isa = XCConfigurationList;
			buildConfigurations = (
				EAB569ED1C6929E200221B06 /* Debug */,
				EAB569EE1C6929E200221B06 /* Release */,
			);
			defaultConfigurationIsVisible = 0;
			defaultConfigurationName = Release;
		};
		EAB569EF1C6929E200221B06 /* Build configuration list for PBXNativeTarget "Space InvadersTests" */ = {
			isa = XCConfigurationList;
			buildConfigurations = (
				EAB569F01C6929E200221B06 /* Debug */,
				EAB569F11C6929E200221B06 /* Release */,
			);
			defaultConfigurationIsVisible = 0;
			defaultConfigurationName = Release;
		};
		EAB569F21C6929E200221B06 /* Build configuration list for PBXNativeTarget "Space InvadersUITests" */ = {
			isa = XCConfigurationList;
			buildConfigurations = (
				EAB569F31C6929E200221B06 /* Debug */,
				EAB569F41C6929E200221B06 /* Release */,
			);
			defaultConfigurationIsVisible = 0;
			defaultConfigurationName = Release;
		};
/* End XCConfigurationList section */
	};
	rootObject = EAB569B81C6929E200221B06 /* Project object */;
}
